dependencies:
- name: postgresql
  repository: https://kubernetes-charts.storage.googleapis.com/
  version: 7.7.2
- name: redis
  repository: https://kubernetes-charts.storage.googleapis.com/
  version: 10.2.0
digest: sha256:0a0e827ea174700951c8b0136b293e46a0e23b8cc0777aa1348f6a7960a46c39
generated: "2020-04-18T20:21:42.742362+05:30"
